{
  "originHash" : "13613bf1de14da77b7463d26365af63c68c8f5a1b6c5aeb44b9f1c55e2332f8f",
  "pins" : [
    {
      "identity" : "nvactivityindicatorview",
      "kind" : "remoteSourceControl",
      "location" : "https://github.com/ninjaprox/NVActivityIndicatorView.git",
      "state" : {
        "revision" : "121455c4e630fcb95aaefd7e4257b0c2e3cfe6d5",
        "version" : "5.2.0"
      }
    },
    {
      "identity" : "pagingkit",
      "kind" : "remoteSourceControl",
      "location" : "https://github.com/kazuhiro4949/PagingKit",
      "state" : {
        "revision" : "b8adf6c4ffba3df381989c1a74e54c758b2c3135",
        "version" : "1.18.2"
      }
    },
    {
      "identity" : "snapkit",
      "kind" : "remoteSourceControl",
      "location" : "https://github.com/SnapKit/SnapKit",
      "state" : {
        "revision" : "2842e6e84e82eb9a8dac0100ca90d9444b0307f4",
        "version" : "5.7.1"
      }
    }
  ],
  "version" : 3
}
