// !$*UTF8*$!
{
	archiveVersion = 1;
	classes = {
	};
	objectVersion = 77;
	objects = {

/* Begin PBXContainerItemProxy section */
		26642A6A2CD594DC005AC9E0 /* PBXContainerItemProxy */ = {
			isa = PBXContainerItemProxy;
			containerPortal = 26642A4B2CD594DB005AC9E0 /* Project object */;
			proxyType = 1;
			remoteGlobalIDString = 26642A522CD594DB005AC9E0;
			remoteInfo = Video_Editor;
		};
		26642A742CD594DC005AC9E0 /* PBXContainerItemProxy */ = {
			isa = PBXContainerItemProxy;
			containerPortal = 26642A4B2CD594DB005AC9E0 /* Project object */;
			proxyType = 1;
			remoteGlobalIDString = 26642A522CD594DB005AC9E0;
			remoteInfo = Video_Editor;
		};
/* End PBXContainerItemProxy section */

/* Begin PBXFileReference section */
		26642A532CD594DB005AC9E0 /* Video_Editor.app */ = {isa = PBXFileReference; explicitFileType = wrapper.application; includeInIndex = 0; path = Video_Editor.app; sourceTree = BUILT_PRODUCTS_DIR; };
		26642A692CD594DC005AC9E0 /* Video_EditorTests.xctest */ = {isa = PBXFileReference; explicitFileType = wrapper.cfbundle; includeInIndex = 0; path = Video_EditorTests.xctest; sourceTree = BUILT_PRODUCTS_DIR; };
		26642A732CD594DC005AC9E0 /* Video_EditorUITests.xctest */ = {isa = PBXFileReference; explicitFileType = wrapper.cfbundle; includeInIndex = 0; path = Video_EditorUITests.xctest; sourceTree = BUILT_PRODUCTS_DIR; };
/* End PBXFileReference section */

/* Begin PBXFileSystemSynchronizedBuildFileExceptionSet section */
		26642A7B2CD594DC005AC9E0 /* Exceptions for "Video_Editor" folder in "Video_Editor" target */ = {
			isa = PBXFileSystemSynchronizedBuildFileExceptionSet;
			membershipExceptions = (
				Info.plist,
			);
			target = 26642A522CD594DB005AC9E0 /* Video_Editor */;
		};
/* End PBXFileSystemSynchronizedBuildFileExceptionSet section */

/* Begin PBXFileSystemSynchronizedRootGroup section */
		26642A552CD594DB005AC9E0 /* Video_Editor */ = {
			isa = PBXFileSystemSynchronizedRootGroup;
			exceptions = (
				26642A7B2CD594DC005AC9E0 /* Exceptions for "Video_Editor" folder in "Video_Editor" target */,
			);
			path = Video_Editor;
			sourceTree = "<group>";
		};
		26642A6C2CD594DC005AC9E0 /* Video_EditorTests */ = {
			isa = PBXFileSystemSynchronizedRootGroup;
			path = Video_EditorTests;
			sourceTree = "<group>";
		};
		26642A762CD594DC005AC9E0 /* Video_EditorUITests */ = {
			isa = PBXFileSystemSynchronizedRootGroup;
			path = Video_EditorUITests;
			sourceTree = "<group>";
		};
/* End PBXFileSystemSynchronizedRootGroup section */

/* Begin PBXFrameworksBuildPhase section */
		26642A502CD594DB005AC9E0 /* Frameworks */ = {
			isa = PBXFrameworksBuildPhase;
			buildActionMask = 2147483647;
			files = (
			);
			runOnlyForDeploymentPostprocessing = 0;
		};
		26642A662CD594DC005AC9E0 /* Frameworks */ = {
			isa = PBXFrameworksBuildPhase;
			buildActionMask = 2147483647;
			files = (
			);
			runOnlyForDeploymentPostprocessing = 0;
		};
		26642A702CD594DC005AC9E0 /* Frameworks */ = {
			isa = PBXFrameworksBuildPhase;
			buildActionMask = 2147483647;
			files = (
			);
			runOnlyForDeploymentPostprocessing = 0;
		};
/* End PBXFrameworksBuildPhase section */

/* Begin PBXGroup section */
		26642A4A2CD594DB005AC9E0 = {
			isa = PBXGroup;
			children = (
				26642A552CD594DB005AC9E0 /* Video_Editor */,
				26642A6C2CD594DC005AC9E0 /* Video_EditorTests */,
				26642A762CD594DC005AC9E0 /* Video_EditorUITests */,
				26642A542CD594DB005AC9E0 /* Products */,
			);
			sourceTree = "<group>";
		};
		26642A542CD594DB005AC9E0 /* Products */ = {
			isa = PBXGroup;
			children = (
				26642A532CD594DB005AC9E0 /* Video_Editor.app */,
				26642A692CD594DC005AC9E0 /* Video_EditorTests.xctest */,
				26642A732CD594DC005AC9E0 /* Video_EditorUITests.xctest */,
			);
			name = Products;
			sourceTree = "<group>";
		};
/* End PBXGroup section */

/* Begin PBXNativeTarget section */
		26642A522CD594DB005AC9E0 /* Video_Editor */ = {
			isa = PBXNativeTarget;
			buildConfigurationList = 26642A7C2CD594DC005AC9E0 /* Build configuration list for PBXNativeTarget "Video_Editor" */;
			buildPhases = (
				26642A4F2CD594DB005AC9E0 /* Sources */,
				26642A502CD594DB005AC9E0 /* Frameworks */,
				26642A512CD594DB005AC9E0 /* Resources */,
			);
			buildRules = (
			);
			dependencies = (
			);
			fileSystemSynchronizedGroups = (
				26642A552CD594DB005AC9E0 /* Video_Editor */,
			);
			name = Video_Editor;
			packageProductDependencies = (
			);
			productName = Video_Editor;
			productReference = 26642A532CD594DB005AC9E0 /* Video_Editor.app */;
			productType = "com.apple.product-type.application";
		};
		26642A682CD594DC005AC9E0 /* Video_EditorTests */ = {
			isa = PBXNativeTarget;
			buildConfigurationList = 26642A812CD594DC005AC9E0 /* Build configuration list for PBXNativeTarget "Video_EditorTests" */;
			buildPhases = (
				26642A652CD594DC005AC9E0 /* Sources */,
				26642A662CD594DC005AC9E0 /* Frameworks */,
				26642A672CD594DC005AC9E0 /* Resources */,
			);
			buildRules = (
			);
			dependencies = (
				26642A6B2CD594DC005AC9E0 /* PBXTargetDependency */,
			);
			fileSystemSynchronizedGroups = (
				26642A6C2CD594DC005AC9E0 /* Video_EditorTests */,
			);
			name = Video_EditorTests;
			packageProductDependencies = (
			);
			productName = Video_EditorTests;
			productReference = 26642A692CD594DC005AC9E0 /* Video_EditorTests.xctest */;
			productType = "com.apple.product-type.bundle.unit-test";
		};
		26642A722CD594DC005AC9E0 /* Video_EditorUITests */ = {
			isa = PBXNativeTarget;
			buildConfigurationList = 26642A842CD594DC005AC9E0 /* Build configuration list for PBXNativeTarget "Video_EditorUITests" */;
			buildPhases = (
				26642A6F2CD594DC005AC9E0 /* Sources */,
				26642A702CD594DC005AC9E0 /* Frameworks */,
				26642A712CD594DC005AC9E0 /* Resources */,
			);
			buildRules = (
			);
			dependencies = (
				26642A752CD594DC005AC9E0 /* PBXTargetDependency */,
			);
			fileSystemSynchronizedGroups = (
				26642A762CD594DC005AC9E0 /* Video_EditorUITests */,
			);
			name = Video_EditorUITests;
			packageProductDependencies = (
			);
			productName = Video_EditorUITests;
			productReference = 26642A732CD594DC005AC9E0 /* Video_EditorUITests.xctest */;
			productType = "com.apple.product-type.bundle.ui-testing";
		};
/* End PBXNativeTarget section */

/* Begin PBXProject section */
		26642A4B2CD594DB005AC9E0 /* Project object */ = {
			isa = PBXProject;
			attributes = {
				BuildIndependentTargetsInParallel = 1;
				LastSwiftUpdateCheck = 1600;
				LastUpgradeCheck = 1600;
				TargetAttributes = {
					26642A522CD594DB005AC9E0 = {
						CreatedOnToolsVersion = 16.0;
					};
					26642A682CD594DC005AC9E0 = {
						CreatedOnToolsVersion = 16.0;
						TestTargetID = 26642A522CD594DB005AC9E0;
					};
					26642A722CD594DC005AC9E0 = {
						CreatedOnToolsVersion = 16.0;
						TestTargetID = 26642A522CD594DB005AC9E0;
					};
				};
			};
			buildConfigurationList = 26642A4E2CD594DB005AC9E0 /* Build configuration list for PBXProject "Video_Editor" */;
			developmentRegion = en;
			hasScannedForEncodings = 0;
			knownRegions = (
				en,
				Base,
			);
			mainGroup = 26642A4A2CD594DB005AC9E0;
			minimizedProjectReferenceProxies = 1;
			preferredProjectObjectVersion = 77;
			productRefGroup = 26642A542CD594DB005AC9E0 /* Products */;
			projectDirPath = "";
			projectRoot = "";
			targets = (
				26642A522CD594DB005AC9E0 /* Video_Editor */,
				26642A682CD594DC005AC9E0 /* Video_EditorTests */,
				26642A722CD594DC005AC9E0 /* Video_EditorUITests */,
			);
		};
/* End PBXProject section */

/* Begin PBXResourcesBuildPhase section */
		26642A512CD594DB005AC9E0 /* Resources */ = {
			isa = PBXResourcesBuildPhase;
			buildActionMask = 2147483647;
			files = (
			);
			runOnlyForDeploymentPostprocessing = 0;
		};
		26642A672CD594DC005AC9E0 /* Resources */ = {
			isa = PBXResourcesBuildPhase;
			buildActionMask = 2147483647;
			files = (
			);
			runOnlyForDeploymentPostprocessing = 0;
		};
		26642A712CD594DC005AC9E0 /* Resources */ = {
			isa = PBXResourcesBuildPhase;
			buildActionMask = 2147483647;
			files = (
			);
			runOnlyForDeploymentPostprocessing = 0;
		};
/* End PBXResourcesBuildPhase section */

/* Begin PBXSourcesBuildPhase section */
		26642A4F2CD594DB005AC9E0 /* Sources */ = {
			isa = PBXSourcesBuildPhase;
			buildActionMask = 2147483647;
			files = (
			);
			runOnlyForDeploymentPostprocessing = 0;
		};
		26642A652CD594DC005AC9E0 /* Sources */ = {
			isa = PBXSourcesBuildPhase;
			buildActionMask = 2147483647;
			files = (
			);
			runOnlyForDeploymentPostprocessing = 0;
		};
		26642A6F2CD594DC005AC9E0 /* Sources */ = {
			isa = PBXSourcesBuildPhase;
			buildActionMask = 2147483647;
			files = (
			);
			runOnlyForDeploymentPostprocessing = 0;
		};
/* End PBXSourcesBuildPhase section */

/* Begin PBXTargetDependency section */
		26642A6B2CD594DC005AC9E0 /* PBXTargetDependency */ = {
			isa = PBXTargetDependency;
			target = 26642A522CD594DB005AC9E0 /* Video_Editor */;
			targetProxy = 26642A6A2CD594DC005AC9E0 /* PBXContainerItemProxy */;
		};
		26642A752CD594DC005AC9E0 /* PBXTargetDependency */ = {
			isa = PBXTargetDependency;
			target = 26642A522CD594DB005AC9E0 /* Video_Editor */;
			targetProxy = 26642A742CD594DC005AC9E0 /* PBXContainerItemProxy */;
		};
/* End PBXTargetDependency section */

/* Begin XCBuildConfiguration section */
		26642A7D2CD594DC005AC9E0 /* Debug */ = {
			isa = XCBuildConfiguration;
			buildSettings = {
				ASSETCATALOG_COMPILER_APPICON_NAME = AppIcon;
				ASSETCATALOG_COMPILER_GLOBAL_ACCENT_COLOR_NAME = AccentColor;
				CODE_SIGN_STYLE = Automatic;
				CURRENT_PROJECT_VERSION = 1;
				DEVELOPMENT_TEAM = 8N5XM3EBGN;
				GENERATE_INFOPLIST_FILE = YES;
				INFOPLIST_FILE = Video_Editor/Info.plist;
				INFOPLIST_KEY_UIApplicationSupportsIndirectInputEvents = YES;
				INFOPLIST_KEY_UILaunchStoryboardName = LaunchScreen;
				INFOPLIST_KEY_UIMainStoryboardFile = Main;
				INFOPLIST_KEY_UISupportedInterfaceOrientations_iPad = "UIInterfaceOrientationPortrait UIInterfaceOrientationPortraitUpsideDown UIInterfaceOrientationLandscapeLeft UIInterfaceOrientationLandscapeRight";
				INFOPLIST_KEY_UISupportedInterfaceOrientations_iPhone = "UIInterfaceOrientationPortrait UIInterfaceOrientationLandscapeLeft UIInterfaceOrientationLandscapeRight";
				LD_RUNPATH_SEARCH_PATHS = (
					"$(inherited)",
					"@executable_path/Frameworks",
				);
				MARKETING_VERSION = 1.0;
				PRODUCT_BUNDLE_IDENTIFIER = "com.yy.test.Video-Editor";
				PRODUCT_NAME = "$(TARGET_NAME)";
				SWIFT_EMIT_LOC_STRINGS = YES;
				SWIFT_VERSION = 5.0;
				TARGETED_DEVICE_FAMILY = "1,2";
			};
			name = Debug;
		};
		26642A7E2CD594DC005AC9E0 /* Release */ = {
			isa = XCBuildConfiguration;
			buildSettings = {
				ASSETCATALOG_COMPILER_APPICON_NAME = AppIcon;
				ASSETCATALOG_COMPILER_GLOBAL_ACCENT_COLOR_NAME = AccentColor;
				CODE_SIGN_STYLE = Automatic;
				CURRENT_PROJECT_VERSION = 1;
				DEVELOPMENT_TEAM = 8N5XM3EBGN;
				GENERATE_INFOPLIST_FILE = YES;
				INFOPLIST_FILE = Video_Editor/Info.plist;
				INFOPLIST_KEY_UIApplicationSupportsIndirectInputEvents = YES;
				INFOPLIST_KEY_UILaunchStoryboardName = LaunchScreen;
				INFOPLIST_KEY_UIMainStoryboardFile = Main;
				INFOPLIST_KEY_UISupportedInterfaceOrientations_iPad = "UIInterfaceOrientationPortrait UIInterfaceOrientationPortraitUpsideDown UIInterfaceOrientationLandscapeLeft UIInterfaceOrientationLandscapeRight";
				INFOPLIST_KEY_UISupportedInterfaceOrientations_iPhone = "UIInterfaceOrientationPortrait UIInterfaceOrientationLandscapeLeft UIInterfaceOrientationLandscapeRight";
				LD_RUNPATH_SEARCH_PATHS = (
					"$(inherited)",
					"@executable_path/Frameworks",
				);
				MARKETING_VERSION = 1.0;
				PRODUCT_BUNDLE_IDENTIFIER = "com.yy.test.Video-Editor";
				PRODUCT_NAME = "$(TARGET_NAME)";
				SWIFT_EMIT_LOC_STRINGS = YES;
				SWIFT_VERSION = 5.0;
				TARGETED_DEVICE_FAMILY = "1,2";
			};
			name = Release;
		};
		26642A7F2CD594DC005AC9E0 /* Debug */ = {
			isa = XCBuildConfiguration;
			buildSettings = {
				ALWAYS_SEARCH_USER_PATHS = NO;
				ASSETCATALOG_COMPILER_GENERATE_SWIFT_ASSET_SYMBOL_EXTENSIONS = YES;
				CLANG_ANALYZER_NONNULL = YES;
				CLANG_ANALYZER_NUMBER_OBJECT_CONVERSION = YES_AGGRESSIVE;
				CLANG_CXX_LANGUAGE_STANDARD = "gnu++20";
				CLANG_ENABLE_MODULES = YES;
				CLANG_ENABLE_OBJC_ARC = YES;
				CLANG_ENABLE_OBJC_WEAK = YES;
				CLANG_WARN_BLOCK_CAPTURE_AUTORELEASING = YES;
				CLANG_WARN_BOOL_CONVERSION = YES;
				CLANG_WARN_COMMA = YES;
				CLANG_WARN_CONSTANT_CONVERSION = YES;
				CLANG_WARN_DEPRECATED_OBJC_IMPLEMENTATIONS = YES;
				CLANG_WARN_DIRECT_OBJC_ISA_USAGE = YES_ERROR;
				CLANG_WARN_DOCUMENTATION_COMMENTS = YES;
				CLANG_WARN_EMPTY_BODY = YES;
				CLANG_WARN_ENUM_CONVERSION = YES;
				CLANG_WARN_INFINITE_RECURSION = YES;
				CLANG_WARN_INT_CONVERSION = YES;
				CLANG_WARN_NON_LITERAL_NULL_CONVERSION = YES;
				CLANG_WARN_OBJC_IMPLICIT_RETAIN_SELF = YES;
				CLANG_WARN_OBJC_LITERAL_CONVERSION = YES;
				CLANG_WARN_OBJC_ROOT_CLASS = YES_ERROR;
				CLANG_WARN_QUOTED_INCLUDE_IN_FRAMEWORK_HEADER = YES;
				CLANG_WARN_RANGE_LOOP_ANALYSIS = YES;
				CLANG_WARN_STRICT_PROTOTYPES = YES;
				CLANG_WARN_SUSPICIOUS_MOVE = YES;
				CLANG_WARN_UNGUARDED_AVAILABILITY = YES_AGGRESSIVE;
				CLANG_WARN_UNREACHABLE_CODE = YES;
				CLANG_WARN__DUPLICATE_METHOD_MATCH = YES;
				COPY_PHASE_STRIP = NO;
				DEBUG_INFORMATION_FORMAT = dwarf;
				ENABLE_STRICT_OBJC_MSGSEND = YES;
				ENABLE_TESTABILITY = YES;
				ENABLE_USER_SCRIPT_SANDBOXING = YES;
				GCC_C_LANGUAGE_STANDARD = gnu17;
				GCC_DYNAMIC_NO_PIC = NO;
				GCC_NO_COMMON_BLOCKS = YES;
				GCC_OPTIMIZATION_LEVEL = 0;
				GCC_PREPROCESSOR_DEFINITIONS = (
					"DEBUG=1",
					"$(inherited)",
				);
				GCC_WARN_64_TO_32_BIT_CONVERSION = YES;
				GCC_WARN_ABOUT_RETURN_TYPE = YES_ERROR;
				GCC_WARN_UNDECLARED_SELECTOR = YES;
				GCC_WARN_UNINITIALIZED_AUTOS = YES_AGGRESSIVE;
				GCC_WARN_UNUSED_FUNCTION = YES;
				GCC_WARN_UNUSED_VARIABLE = YES;
				IPHONEOS_DEPLOYMENT_TARGET = 18.0;
				LOCALIZATION_PREFERS_STRING_CATALOGS = YES;
				MTL_ENABLE_DEBUG_INFO = INCLUDE_SOURCE;
				MTL_FAST_MATH = YES;
				ONLY_ACTIVE_ARCH = YES;
				SDKROOT = iphoneos;
				SWIFT_ACTIVE_COMPILATION_CONDITIONS = "DEBUG $(inherited)";
				SWIFT_OPTIMIZATION_LEVEL = "-Onone";
			};
			name = Debug;
		};
		26642A802CD594DC005AC9E0 /* Release */ = {
			isa = XCBuildConfiguration;
			buildSettings = {
				ALWAYS_SEARCH_USER_PATHS = NO;
				ASSETCATALOG_COMPILER_GENERATE_SWIFT_ASSET_SYMBOL_EXTENSIONS = YES;
				CLANG_ANALYZER_NONNULL = YES;
				CLANG_ANALYZER_NUMBER_OBJECT_CONVERSION = YES_AGGRESSIVE;
				CLANG_CXX_LANGUAGE_STANDARD = "gnu++20";
				CLANG_ENABLE_MODULES = YES;
				CLANG_ENABLE_OBJC_ARC = YES;
				CLANG_ENABLE_OBJC_WEAK = YES;
				CLANG_WARN_BLOCK_CAPTURE_AUTORELEASING = YES;
				CLANG_WARN_BOOL_CONVERSION = YES;
				CLANG_WARN_COMMA = YES;
				CLANG_WARN_CONSTANT_CONVERSION = YES;
				CLANG_WARN_DEPRECATED_OBJC_IMPLEMENTATIONS = YES;
				CLANG_WARN_DIRECT_OBJC_ISA_USAGE = YES_ERROR;
				CLANG_WARN_DOCUMENTATION_COMMENTS = YES;
				CLANG_WARN_EMPTY_BODY = YES;
				CLANG_WARN_ENUM_CONVERSION = YES;
				CLANG_WARN_INFINITE_RECURSION = YES;
				CLANG_WARN_INT_CONVERSION = YES;
				CLANG_WARN_NON_LITERAL_NULL_CONVERSION = YES;
				CLANG_WARN_OBJC_IMPLICIT_RETAIN_SELF = YES;
				CLANG_WARN_OBJC_LITERAL_CONVERSION = YES;
				CLANG_WARN_OBJC_ROOT_CLASS = YES_ERROR;
				CLANG_WARN_QUOTED_INCLUDE_IN_FRAMEWORK_HEADER = YES;
				CLANG_WARN_RANGE_LOOP_ANALYSIS = YES;
				CLANG_WARN_STRICT_PROTOTYPES = YES;
				CLANG_WARN_SUSPICIOUS_MOVE = YES;
				CLANG_WARN_UNGUARDED_AVAILABILITY = YES_AGGRESSIVE;
				CLANG_WARN_UNREACHABLE_CODE = YES;
				CLANG_WARN__DUPLICATE_METHOD_MATCH = YES;
				COPY_PHASE_STRIP = NO;
				DEBUG_INFORMATION_FORMAT = "dwarf-with-dsym";
				ENABLE_NS_ASSERTIONS = NO;
				ENABLE_STRICT_OBJC_MSGSEND = YES;
				ENABLE_USER_SCRIPT_SANDBOXING = YES;
				GCC_C_LANGUAGE_STANDARD = gnu17;
				GCC_NO_COMMON_BLOCKS = YES;
				GCC_WARN_64_TO_32_BIT_CONVERSION = YES;
				GCC_WARN_ABOUT_RETURN_TYPE = YES_ERROR;
				GCC_WARN_UNDECLARED_SELECTOR = YES;
				GCC_WARN_UNINITIALIZED_AUTOS = YES_AGGRESSIVE;
				GCC_WARN_UNUSED_FUNCTION = YES;
				GCC_WARN_UNUSED_VARIABLE = YES;
				IPHONEOS_DEPLOYMENT_TARGET = 18.0;
				LOCALIZATION_PREFERS_STRING_CATALOGS = YES;
				MTL_ENABLE_DEBUG_INFO = NO;
				MTL_FAST_MATH = YES;
				SDKROOT = iphoneos;
				SWIFT_COMPILATION_MODE = wholemodule;
				VALIDATE_PRODUCT = YES;
			};
			name = Release;
		};
		26642A822CD594DC005AC9E0 /* Debug */ = {
			isa = XCBuildConfiguration;
			buildSettings = {
				BUNDLE_LOADER = "$(TEST_HOST)";
				CODE_SIGN_STYLE = Automatic;
				CURRENT_PROJECT_VERSION = 1;
				DEVELOPMENT_TEAM = 8N5XM3EBGN;
				GENERATE_INFOPLIST_FILE = YES;
				IPHONEOS_DEPLOYMENT_TARGET = 18.0;
				MARKETING_VERSION = 1.0;
				PRODUCT_BUNDLE_IDENTIFIER = "com.yy.test.Video-EditorTests";
				PRODUCT_NAME = "$(TARGET_NAME)";
				SWIFT_EMIT_LOC_STRINGS = NO;
				SWIFT_VERSION = 5.0;
				TARGETED_DEVICE_FAMILY = "1,2";
				TEST_HOST = "$(BUILT_PRODUCTS_DIR)/Video_Editor.app/$(BUNDLE_EXECUTABLE_FOLDER_PATH)/Video_Editor";
			};
			name = Debug;
		};
		26642A832CD594DC005AC9E0 /* Release */ = {
			isa = XCBuildConfiguration;
			buildSettings = {
				BUNDLE_LOADER = "$(TEST_HOST)";
				CODE_SIGN_STYLE = Automatic;
				CURRENT_PROJECT_VERSION = 1;
				DEVELOPMENT_TEAM = 8N5XM3EBGN;
				GENERATE_INFOPLIST_FILE = YES;
				IPHONEOS_DEPLOYMENT_TARGET = 18.0;
				MARKETING_VERSION = 1.0;
				PRODUCT_BUNDLE_IDENTIFIER = "com.yy.test.Video-EditorTests";
				PRODUCT_NAME = "$(TARGET_NAME)";
				SWIFT_EMIT_LOC_STRINGS = NO;
				SWIFT_VERSION = 5.0;
				TARGETED_DEVICE_FAMILY = "1,2";
				TEST_HOST = "$(BUILT_PRODUCTS_DIR)/Video_Editor.app/$(BUNDLE_EXECUTABLE_FOLDER_PATH)/Video_Editor";
			};
			name = Release;
		};
		26642A852CD594DC005AC9E0 /* Debug */ = {
			isa = XCBuildConfiguration;
			buildSettings = {
				CODE_SIGN_STYLE = Automatic;
				CURRENT_PROJECT_VERSION = 1;
				DEVELOPMENT_TEAM = 8N5XM3EBGN;
				GENERATE_INFOPLIST_FILE = YES;
				MARKETING_VERSION = 1.0;
				PRODUCT_BUNDLE_IDENTIFIER = "com.yy.test.Video-EditorUITests";
				PRODUCT_NAME = "$(TARGET_NAME)";
				SWIFT_EMIT_LOC_STRINGS = NO;
				SWIFT_VERSION = 5.0;
				TARGETED_DEVICE_FAMILY = "1,2";
				TEST_TARGET_NAME = Video_Editor;
			};
			name = Debug;
		};
		26642A862CD594DC005AC9E0 /* Release */ = {
			isa = XCBuildConfiguration;
			buildSettings = {
				CODE_SIGN_STYLE = Automatic;
				CURRENT_PROJECT_VERSION = 1;
				DEVELOPMENT_TEAM = 8N5XM3EBGN;
				GENERATE_INFOPLIST_FILE = YES;
				MARKETING_VERSION = 1.0;
				PRODUCT_BUNDLE_IDENTIFIER = "com.yy.test.Video-EditorUITests";
				PRODUCT_NAME = "$(TARGET_NAME)";
				SWIFT_EMIT_LOC_STRINGS = NO;
				SWIFT_VERSION = 5.0;
				TARGETED_DEVICE_FAMILY = "1,2";
				TEST_TARGET_NAME = Video_Editor;
			};
			name = Release;
		};
/* End XCBuildConfiguration section */

/* Begin XCConfigurationList section */
		26642A4E2CD594DB005AC9E0 /* Build configuration list for PBXProject "Video_Editor" */ = {
			isa = XCConfigurationList;
			buildConfigurations = (
				26642A7F2CD594DC005AC9E0 /* Debug */,
				26642A802CD594DC005AC9E0 /* Release */,
			);
			defaultConfigurationIsVisible = 0;
			defaultConfigurationName = Release;
		};
		26642A7C2CD594DC005AC9E0 /* Build configuration list for PBXNativeTarget "Video_Editor" */ = {
			isa = XCConfigurationList;
			buildConfigurations = (
				26642A7D2CD594DC005AC9E0 /* Debug */,
				26642A7E2CD594DC005AC9E0 /* Release */,
			);
			defaultConfigurationIsVisible = 0;
			defaultConfigurationName = Release;
		};
		26642A812CD594DC005AC9E0 /* Build configuration list for PBXNativeTarget "Video_EditorTests" */ = {
			isa = XCConfigurationList;
			buildConfigurations = (
				26642A822CD594DC005AC9E0 /* Debug */,
				26642A832CD594DC005AC9E0 /* Release */,
			);
			defaultConfigurationIsVisible = 0;
			defaultConfigurationName = Release;
		};
		26642A842CD594DC005AC9E0 /* Build configuration list for PBXNativeTarget "Video_EditorUITests" */ = {
			isa = XCConfigurationList;
			buildConfigurations = (
				26642A852CD594DC005AC9E0 /* Debug */,
				26642A862CD594DC005AC9E0 /* Release */,
			);
			defaultConfigurationIsVisible = 0;
			defaultConfigurationName = Release;
		};
/* End XCConfigurationList section */
	};
	rootObject = 26642A4B2CD594DB005AC9E0 /* Project object */;
}
